
Microsoft Visual Studio Solution File, Format Version 12.00
# Visual Studio Version 17
VisualStudioVersion = 17.14.37531.7 d17.14
MinimumVisualStudioVersion = 10.0.40219.1
Project("{FAE04EC0-301F-11D3-BF4B-00C04F79EFBC}") = "geoAnalitica", "geoAnalitica.csproj", "{B1A06AB4-5423-4C99-8333-CAFBB5A12708}"
EndProject
Global
	GlobalSection(SolutionConfigurationPlatforms) = preSolution
		Debug|Any CPU = Debug|Any CPU
		Release|Any CPU = Release|Any CPU
	EndGlobalSection
	GlobalSection(ProjectConfigurationPlatforms) = postSolution
		{B1A06AB4-5423-4C99-8333-CAFBB5A12708}.Debug|Any CPU.ActiveCfg = Debug|Any CPU
		{B1A06AB4-5423-4C99-8333-CAFBB5A12708}.Debug|Any CPU.Build.0 = Debug|Any CPU
		{B1A06AB4-5423-4C99-8333-CAFBB5A12708}.Release|Any CPU.ActiveCfg = Release|Any CPU
		{B1A06AB4-5423-4C99-8333-CAFBB5A12708}.Release|Any CPU.Build.0 = Release|Any CPU
	EndGlobalSection
	GlobalSection(SolutionProperties) = preSolution
		HideSolutionNode = FALSE
	EndGlobalSection
	GlobalSection(ExtensibilityGlobals) = postSolution
		SolutionGuid = {B1A1D02A-1896-4A9F-9DDB-CEA328506A31}
	EndGlobalSection
EndGlobal
